// !$*UTF8*$!
{
	archiveVersion = 1;
	classes = {
	};
	objectVersion = 56;
	objects = {

/* Begin PBXBuildFile section */
		30415C912C0E2FA4009C3F84 /* AppDelegate.swift in Sources */ = {isa = PBXBuildFile; fileRef = 30415C902C0E2FA4009C3F84 /* AppDelegate.swift */; };
		30415C932C0E2FA4009C3F84 /* SceneDelegate.swift in Sources */ = {isa = PBXBuildFile; fileRef = 30415C922C0E2FA4009C3F84 /* SceneDelegate.swift */; };
		30415C952C0E2FA4009C3F84 /* ViewController.swift in Sources */ = {isa = PBXBuildFile; fileRef = 30415C942C0E2FA4009C3F84 /* ViewController.swift */; };
		30415C982C0E2FA4009C3F84 /* Base in Resources */ = {isa = PBXBuildFile; fileRef = 30415C972C0E2FA4009C3F84 /* Base */; };
		30415C9A2C0E2FA6009C3F84 /* Assets.xcassets in Resources */ = {isa = PBXBuildFile; fileRef = 30415C992C0E2FA6009C3F84 /* Assets.xcassets */; };
		30415C9D2C0E2FA6009C3F84 /* Base in Resources */ = {isa = PBXBuildFile; fileRef = 30415C9C2C0E2FA6009C3F84 /* Base */; };
		30415CA62C0E3347009C3F84 /* FilmListView.swift in Sources */ = {isa = PBXBuildFile; fileRef = 30415CA52C0E3347009C3F84 /* FilmListView.swift */; };
		30415CA92C0E3DDF009C3F84 /* FilmList.xcdatamodeld in Sources */ = {isa = PBXBuildFile; fileRef = 30415CA72C0E3DDF009C3F84 /* FilmList.xcdatamodeld */; };
		30415CAC2C0E3E8E009C3F84 /* CoreDataManager.swift in Sources */ = {isa = PBXBuildFile; fileRef = 30415CAB2C0E3E8E009C3F84 /* CoreDataManager.swift */; };
		30415CAF2C0E3FF4009C3F84 /* ViewModel.swift in Sources */ = {isa = PBXBuildFile; fileRef = 30415CAE2C0E3FF4009C3F84 /* ViewModel.swift */; };
		30415CB22C0E4AA4009C3F84 /* FilmCellView.swift in Sources */ = {isa = PBXBuildFile; fileRef = 30415CB12C0E4AA4009C3F84 /* FilmCellView.swift */; };
		30415CB42C0E4C74009C3F84 /* ganreIView.swift in Sources */ = {isa = PBXBuildFile; fileRef = 30415CB32C0E4C74009C3F84 /* ganreIView.swift */; };
		30415CB62C0E5158009C3F84 /* CircleButtonView.swift in Sources */ = {isa = PBXBuildFile; fileRef = 30415CB52C0E5158009C3F84 /* CircleButtonView.swift */; };
		30A12C6C2C1242C900DCC3A6 /* CustomTougle.swift in Sources */ = {isa = PBXBuildFile; fileRef = 30A12C6B2C1242C900DCC3A6 /* CustomTougle.swift */; };
		30A12C6E2C12480700DCC3A6 /* NewFilmView.swift in Sources */ = {isa = PBXBuildFile; fileRef = 30A12C6D2C12480700DCC3A6 /* NewFilmView.swift */; };
		30D765832C138DF8002A3AC1 /* CustomTextFieldView.swift in Sources */ = {isa = PBXBuildFile; fileRef = 30D765822C138DF8002A3AC1 /* CustomTextFieldView.swift */; };
		30DE1EB42C15F279002F2B18 /* QueueFilmCellView.swift in Sources */ = {isa = PBXBuildFile; fileRef = 30DE1EB32C15F279002F2B18 /* QueueFilmCellView.swift */; };
		30DF9CA32C1784E900D67E02 /* genreListView.swift in Sources */ = {isa = PBXBuildFile; fileRef = 30DF9CA22C1784E900D67E02 /* genreListView.swift */; };
/* End PBXBuildFile section */

/* Begin PBXFileReference section */
		30415C8D2C0E2FA4009C3F84 /* Movieplanner.app */ = {isa = PBXFileReference; explicitFileType = wrapper.application; includeInIndex = 0; path = Movieplanner.app; sourceTree = BUILT_PRODUCTS_DIR; };
		30415C902C0E2FA4009C3F84 /* AppDelegate.swift */ = {isa = PBXFileReference; lastKnownFileType = sourcecode.swift; path = AppDelegate.swift; sourceTree = "<group>"; };
		30415C922C0E2FA4009C3F84 /* SceneDelegate.swift */ = {isa = PBXFileReference; lastKnownFileType = sourcecode.swift; path = SceneDelegate.swift; sourceTree = "<group>"; };
		30415C942C0E2FA4009C3F84 /* ViewController.swift */ = {isa = PBXFileReference; lastKnownFileType = sourcecode.swift; path = ViewController.swift; sourceTree = "<group>"; };
		30415C972C0E2FA4009C3F84 /* Base */ = {isa = PBXFileReference; lastKnownFileType = file.storyboard; name = Base; path = Base.lproj/Main.storyboard; sourceTree = "<group>"; };
		30415C992C0E2FA6009C3F84 /* Assets.xcassets */ = {isa = PBXFileReference; lastKnownFileType = folder.assetcatalog; path = Assets.xcassets; sourceTree = "<group>"; };
		30415C9C2C0E2FA6009C3F84 /* Base */ = {isa = PBXFileReference; lastKnownFileType = file.storyboard; name = Base; path = Base.lproj/LaunchScreen.storyboard; sourceTree = "<group>"; };
		30415C9E2C0E2FA6009C3F84 /* Info.plist */ = {isa = PBXFileReference; lastKnownFileType = text.plist.xml; path = Info.plist; sourceTree = "<group>"; };
		30415CA52C0E3347009C3F84 /* FilmListView.swift */ = {isa = PBXFileReference; lastKnownFileType = sourcecode.swift; path = FilmListView.swift; sourceTree = "<group>"; };
		30415CA82C0E3DDF009C3F84 /* FilmList.xcdatamodel */ = {isa = PBXFileReference; lastKnownFileType = wrapper.xcdatamodel; path = FilmList.xcdatamodel; sourceTree = "<group>"; };
		30415CAB2C0E3E8E009C3F84 /* CoreDataManager.swift */ = {isa = PBXFileReference; fileEncoding = 4; lastKnownFileType = sourcecode.swift; path = CoreDataManager.swift; sourceTree = "<group>"; };
		30415CAE2C0E3FF4009C3F84 /* ViewModel.swift */ = {isa = PBXFileReference; lastKnownFileType = sourcecode.swift; path = ViewModel.swift; sourceTree = "<group>"; };
		30415CB12C0E4AA4009C3F84 /* FilmCellView.swift */ = {isa = PBXFileReference; lastKnownFileType = sourcecode.swift; path = FilmCellView.swift; sourceTree = "<group>"; };
		30415CB32C0E4C74009C3F84 /* ganreIView.swift */ = {isa = PBXFileReference; lastKnownFileType = sourcecode.swift; path = ganreIView.swift; sourceTree = "<group>"; };
		30415CB52C0E5158009C3F84 /* CircleButtonView.swift */ = {isa = PBXFileReference; lastKnownFileType = sourcecode.swift; path = CircleButtonView.swift; sourceTree = "<group>"; };
		30A12C6B2C1242C900DCC3A6 /* CustomTougle.swift */ = {isa = PBXFileReference; lastKnownFileType = sourcecode.swift; path = CustomTougle.swift; sourceTree = "<group>"; };
		30A12C6D2C12480700DCC3A6 /* NewFilmView.swift */ = {isa = PBXFileReference; lastKnownFileType = sourcecode.swift; path = NewFilmView.swift; sourceTree = "<group>"; };
		30D765822C138DF8002A3AC1 /* CustomTextFieldView.swift */ = {isa = PBXFileReference; lastKnownFileType = sourcecode.swift; path = CustomTextFieldView.swift; sourceTree = "<group>"; };
		30DE1EB32C15F279002F2B18 /* QueueFilmCellView.swift */ = {isa = PBXFileReference; lastKnownFileType = sourcecode.swift; path = QueueFilmCellView.swift; sourceTree = "<group>"; };
		30DF9CA22C1784E900D67E02 /* genreListView.swift */ = {isa = PBXFileReference; lastKnownFileType = sourcecode.swift; path = genreListView.swift; sourceTree = "<group>"; };
/* End PBXFileReference section */

/* Begin PBXFrameworksBuildPhase section */
		30415C8A2C0E2FA4009C3F84 /* Frameworks */ = {
			isa = PBXFrameworksBuildPhase;
			buildActionMask = 2147483647;
			files = (
			);
			runOnlyForDeploymentPostprocessing = 0;
		};
/* End PBXFrameworksBuildPhase section */

/* Begin PBXGroup section */
		30415C842C0E2FA4009C3F84 = {
			isa = PBXGroup;
			children = (
				30415C8F2C0E2FA4009C3F84 /* Movieplanner */,
				30415C8E2C0E2FA4009C3F84 /* Products */,
			);
			sourceTree = "<group>";
		};
		30415C8E2C0E2FA4009C3F84 /* Products */ = {
			isa = PBXGroup;
			children = (
				30415C8D2C0E2FA4009C3F84 /* Movieplanner.app */,
			);
			name = Products;
			sourceTree = "<group>";
		};
		30415C8F2C0E2FA4009C3F84 /* Movieplanner */ = {
			isa = PBXGroup;
			children = (
				30415CB02C0E4A7F009C3F84 /* Helpers */,
				30415CAD2C0E3FE3009C3F84 /* ViewModel */,
				30415CAA2C0E3E5D009C3F84 /* CoreData */,
				30415CA42C0E3311009C3F84 /* View */,
				30415C902C0E2FA4009C3F84 /* AppDelegate.swift */,
				30415C922C0E2FA4009C3F84 /* SceneDelegate.swift */,
				30415C942C0E2FA4009C3F84 /* ViewController.swift */,
				30415C962C0E2FA4009C3F84 /* Main.storyboard */,
				30415C992C0E2FA6009C3F84 /* Assets.xcassets */,
				30415C9B2C0E2FA6009C3F84 /* LaunchScreen.storyboard */,
				30415C9E2C0E2FA6009C3F84 /* Info.plist */,
			);
			path = Movieplanner;
			sourceTree = "<group>";
		};
		30415CA42C0E3311009C3F84 /* View */ = {
			isa = PBXGroup;
			children = (
				30415CA52C0E3347009C3F84 /* FilmListView.swift */,
				30A12C6D2C12480700DCC3A6 /* NewFilmView.swift */,
			);
			path = View;
			sourceTree = "<group>";
		};
		30415CAA2C0E3E5D009C3F84 /* CoreData */ = {
			isa = PBXGroup;
			children = (
				30415CAB2C0E3E8E009C3F84 /* CoreDataManager.swift */,
				30415CA72C0E3DDF009C3F84 /* FilmList.xcdatamodeld */,
			);
			path = CoreData;
			sourceTree = "<group>";
		};
		30415CAD2C0E3FE3009C3F84 /* ViewModel */ = {
			isa = PBXGroup;
			children = (
				30415CAE2C0E3FF4009C3F84 /* ViewModel.swift */,
			);
			path = ViewModel;
			sourceTree = "<group>";
		};
		30415CB02C0E4A7F009C3F84 /* Helpers */ = {
			isa = PBXGroup;
			children = (
				30415CB12C0E4AA4009C3F84 /* FilmCellView.swift */,
				30DE1EB32C15F279002F2B18 /* QueueFilmCellView.swift */,
				30415CB32C0E4C74009C3F84 /* ganreIView.swift */,
				30415CB52C0E5158009C3F84 /* CircleButtonView.swift */,
				30A12C6B2C1242C900DCC3A6 /* CustomTougle.swift */,
				30D765822C138DF8002A3AC1 /* CustomTextFieldView.swift */,
				30DF9CA22C1784E900D67E02 /* genreListView.swift */,
			);
			path = Helpers;
			sourceTree = "<group>";
		};
/* End PBXGroup section */

/* Begin PBXNativeTarget section */
		30415C8C2C0E2FA4009C3F84 /* Movieplanner */ = {
			isa = PBXNativeTarget;
			buildConfigurationList = 30415CA12C0E2FA6009C3F84 /* Build configuration list for PBXNativeTarget "Movieplanner" */;
			buildPhases = (
				30415C892C0E2FA4009C3F84 /* Sources */,
				30415C8A2C0E2FA4009C3F84 /* Frameworks */,
				30415C8B2C0E2FA4009C3F84 /* Resources */,
			);
			buildRules = (
			);
			dependencies = (
			);
			name = Movieplanner;
			productName = Movieplanner;
			productReference = 30415C8D2C0E2FA4009C3F84 /* Movieplanner.app */;
			productType = "com.apple.product-type.application";
		};
/* End PBXNativeTarget section */

/* Begin PBXProject section */
		30415C852C0E2FA4009C3F84 /* Project object */ = {
			isa = PBXProject;
			attributes = {
				BuildIndependentTargetsInParallel = 1;
				LastSwiftUpdateCheck = 1530;
				LastUpgradeCheck = 1530;
				TargetAttributes = {
					30415C8C2C0E2FA4009C3F84 = {
						CreatedOnToolsVersion = 15.3;
					};
				};
			};
			buildConfigurationList = 30415C882C0E2FA4009C3F84 /* Build configuration list for PBXProject "Movieplanner" */;
			compatibilityVersion = "Xcode 14.0";
			developmentRegion = en;
			hasScannedForEncodings = 0;
			knownRegions = (
				en,
				Base,
			);
			mainGroup = 30415C842C0E2FA4009C3F84;
			productRefGroup = 30415C8E2C0E2FA4009C3F84 /* Products */;
			projectDirPath = "";
			projectRoot = "";
			targets = (
				30415C8C2C0E2FA4009C3F84 /* Movieplanner */,
			);
		};
/* End PBXProject section */

/* Begin PBXResourcesBuildPhase section */
		30415C8B2C0E2FA4009C3F84 /* Resources */ = {
			isa = PBXResourcesBuildPhase;
			buildActionMask = 2147483647;
			files = (
				30415C9A2C0E2FA6009C3F84 /* Assets.xcassets in Resources */,
				30415C9D2C0E2FA6009C3F84 /* Base in Resources */,
				30415C982C0E2FA4009C3F84 /* Base in Resources */,
			);
			runOnlyForDeploymentPostprocessing = 0;
		};
/* End PBXResourcesBuildPhase section */

/* Begin PBXSourcesBuildPhase section */
		30415C892C0E2FA4009C3F84 /* Sources */ = {
			isa = PBXSourcesBuildPhase;
			buildActionMask = 2147483647;
			files = (
				30D765832C138DF8002A3AC1 /* CustomTextFieldView.swift in Sources */,
				30415CAC2C0E3E8E009C3F84 /* CoreDataManager.swift in Sources */,
				30415CA62C0E3347009C3F84 /* FilmListView.swift in Sources */,
				30415CB22C0E4AA4009C3F84 /* FilmCellView.swift in Sources */,
				30415C952C0E2FA4009C3F84 /* ViewController.swift in Sources */,
				30A12C6C2C1242C900DCC3A6 /* CustomTougle.swift in Sources */,
				30DE1EB42C15F279002F2B18 /* QueueFilmCellView.swift in Sources */,
				30A12C6E2C12480700DCC3A6 /* NewFilmView.swift in Sources */,
				30415CB42C0E4C74009C3F84 /* ganreIView.swift in Sources */,
				30415C912C0E2FA4009C3F84 /* AppDelegate.swift in Sources */,
				30415CA92C0E3DDF009C3F84 /* FilmList.xcdatamodeld in Sources */,
				30DF9CA32C1784E900D67E02 /* genreListView.swift in Sources */,
				30415C932C0E2FA4009C3F84 /* SceneDelegate.swift in Sources */,
				30415CB62C0E5158009C3F84 /* CircleButtonView.swift in Sources */,
				30415CAF2C0E3FF4009C3F84 /* ViewModel.swift in Sources */,
			);
			runOnlyForDeploymentPostprocessing = 0;
		};
/* End PBXSourcesBuildPhase section */

/* Begin PBXVariantGroup section */
		30415C962C0E2FA4009C3F84 /* Main.storyboard */ = {
			isa = PBXVariantGroup;
			children = (
				30415C972C0E2FA4009C3F84 /* Base */,
			);
			name = Main.storyboard;
			sourceTree = "<group>";
		};
		30415C9B2C0E2FA6009C3F84 /* LaunchScreen.storyboard */ = {
			isa = PBXVariantGroup;
			children = (
				30415C9C2C0E2FA6009C3F84 /* Base */,
			);
			name = LaunchScreen.storyboard;
			sourceTree = "<group>";
		};
/* End PBXVariantGroup section */

/* Begin XCBuildConfiguration section */
		30415C9F2C0E2FA6009C3F84 /* Debug */ = {
			isa = XCBuildConfiguration;
			buildSettings = {
				ALWAYS_SEARCH_USER_PATHS = NO;
				ASSETCATALOG_COMPILER_GENERATE_SWIFT_ASSET_SYMBOL_EXTENSIONS = YES;
				CLANG_ANALYZER_NONNULL = YES;
				CLANG_ANALYZER_NUMBER_OBJECT_CONVERSION = YES_AGGRESSIVE;
				CLANG_CXX_LANGUAGE_STANDARD = "gnu++20";
				CLANG_ENABLE_MODULES = YES;
				CLANG_ENABLE_OBJC_ARC = YES;
				CLANG_ENABLE_OBJC_WEAK = YES;
				CLANG_WARN_BLOCK_CAPTURE_AUTORELEASING = YES;
				CLANG_WARN_BOOL_CONVERSION = YES;
				CLANG_WARN_COMMA = YES;
				CLANG_WARN_CONSTANT_CONVERSION = YES;
				CLANG_WARN_DEPRECATED_OBJC_IMPLEMENTATIONS = YES;
				CLANG_WARN_DIRECT_OBJC_ISA_USAGE = YES_ERROR;
				CLANG_WARN_DOCUMENTATION_COMMENTS = YES;
				CLANG_WARN_EMPTY_BODY = YES;
				CLANG_WARN_ENUM_CONVERSION = YES;
				CLANG_WARN_INFINITE_RECURSION = YES;
				CLANG_WARN_INT_CONVERSION = YES;
				CLANG_WARN_NON_LITERAL_NULL_CONVERSION = YES;
				CLANG_WARN_OBJC_IMPLICIT_RETAIN_SELF = YES;
				CLANG_WARN_OBJC_LITERAL_CONVERSION = YES;
				CLANG_WARN_OBJC_ROOT_CLASS = YES_ERROR;
				CLANG_WARN_QUOTED_INCLUDE_IN_FRAMEWORK_HEADER = YES;
				CLANG_WARN_RANGE_LOOP_ANALYSIS = YES;
				CLANG_WARN_STRICT_PROTOTYPES = YES;
				CLANG_WARN_SUSPICIOUS_MOVE = YES;
				CLANG_WARN_UNGUARDED_AVAILABILITY = YES_AGGRESSIVE;
				CLANG_WARN_UNREACHABLE_CODE = YES;
				CLANG_WARN__DUPLICATE_METHOD_MATCH = YES;
				COPY_PHASE_STRIP = NO;
				DEBUG_INFORMATION_FORMAT = dwarf;
				ENABLE_STRICT_OBJC_MSGSEND = YES;
				ENABLE_TESTABILITY = YES;
				ENABLE_USER_SCRIPT_SANDBOXING = YES;
				GCC_C_LANGUAGE_STANDARD = gnu17;
				GCC_DYNAMIC_NO_PIC = NO;
				GCC_NO_COMMON_BLOCKS = YES;
				GCC_OPTIMIZATION_LEVEL = 0;
				GCC_PREPROCESSOR_DEFINITIONS = (
					"DEBUG=1",
					"$(inherited)",
				);
				GCC_WARN_64_TO_32_BIT_CONVERSION = YES;
				GCC_WARN_ABOUT_RETURN_TYPE = YES_ERROR;
				GCC_WARN_UNDECLARED_SELECTOR = YES;
				GCC_WARN_UNINITIALIZED_AUTOS = YES_AGGRESSIVE;
				GCC_WARN_UNUSED_FUNCTION = YES;
				GCC_WARN_UNUSED_VARIABLE = YES;
				IPHONEOS_DEPLOYMENT_TARGET = 17.4;
				LOCALIZATION_PREFERS_STRING_CATALOGS = YES;
				MTL_ENABLE_DEBUG_INFO = INCLUDE_SOURCE;
				MTL_FAST_MATH = YES;
				ONLY_ACTIVE_ARCH = YES;
				SDKROOT = iphoneos;
				SWIFT_ACTIVE_COMPILATION_CONDITIONS = "DEBUG $(inherited)";
				SWIFT_OPTIMIZATION_LEVEL = "-Onone";
			};
			name = Debug;
		};
		30415CA02C0E2FA6009C3F84 /* Release */ = {
			isa = XCBuildConfiguration;
			buildSettings = {
				ALWAYS_SEARCH_USER_PATHS = NO;
				ASSETCATALOG_COMPILER_GENERATE_SWIFT_ASSET_SYMBOL_EXTENSIONS = YES;
				CLANG_ANALYZER_NONNULL = YES;
				CLANG_ANALYZER_NUMBER_OBJECT_CONVERSION = YES_AGGRESSIVE;
				CLANG_CXX_LANGUAGE_STANDARD = "gnu++20";
				CLANG_ENABLE_MODULES = YES;
				CLANG_ENABLE_OBJC_ARC = YES;
				CLANG_ENABLE_OBJC_WEAK = YES;
				CLANG_WARN_BLOCK_CAPTURE_AUTORELEASING = YES;
				CLANG_WARN_BOOL_CONVERSION = YES;
				CLANG_WARN_COMMA = YES;
				CLANG_WARN_CONSTANT_CONVERSION = YES;
				CLANG_WARN_DEPRECATED_OBJC_IMPLEMENTATIONS = YES;
				CLANG_WARN_DIRECT_OBJC_ISA_USAGE = YES_ERROR;
				CLANG_WARN_DOCUMENTATION_COMMENTS = YES;
				CLANG_WARN_EMPTY_BODY = YES;
				CLANG_WARN_ENUM_CONVERSION = YES;
				CLANG_WARN_INFINITE_RECURSION = YES;
				CLANG_WARN_INT_CONVERSION = YES;
				CLANG_WARN_NON_LITERAL_NULL_CONVERSION = YES;
				CLANG_WARN_OBJC_IMPLICIT_RETAIN_SELF = YES;
				CLANG_WARN_OBJC_LITERAL_CONVERSION = YES;
				CLANG_WARN_OBJC_ROOT_CLASS = YES_ERROR;
				CLANG_WARN_QUOTED_INCLUDE_IN_FRAMEWORK_HEADER = YES;
				CLANG_WARN_RANGE_LOOP_ANALYSIS = YES;
				CLANG_WARN_STRICT_PROTOTYPES = YES;
				CLANG_WARN_SUSPICIOUS_MOVE = YES;
				CLANG_WARN_UNGUARDED_AVAILABILITY = YES_AGGRESSIVE;
				CLANG_WARN_UNREACHABLE_CODE = YES;
				CLANG_WARN__DUPLICATE_METHOD_MATCH = YES;
				COPY_PHASE_STRIP = NO;
				DEBUG_INFORMATION_FORMAT = "dwarf-with-dsym";
				ENABLE_NS_ASSERTIONS = NO;
				ENABLE_STRICT_OBJC_MSGSEND = YES;
				ENABLE_USER_SCRIPT_SANDBOXING = YES;
				GCC_C_LANGUAGE_STANDARD = gnu17;
				GCC_NO_COMMON_BLOCKS = YES;
				GCC_WARN_64_TO_32_BIT_CONVERSION = YES;
				GCC_WARN_ABOUT_RETURN_TYPE = YES_ERROR;
				GCC_WARN_UNDECLARED_SELECTOR = YES;
				GCC_WARN_UNINITIALIZED_AUTOS = YES_AGGRESSIVE;
				GCC_WARN_UNUSED_FUNCTION = YES;
				GCC_WARN_UNUSED_VARIABLE = YES;
				IPHONEOS_DEPLOYMENT_TARGET = 17.4;
				LOCALIZATION_PREFERS_STRING_CATALOGS = YES;
				MTL_ENABLE_DEBUG_INFO = NO;
				MTL_FAST_MATH = YES;
				SDKROOT = iphoneos;
				SWIFT_COMPILATION_MODE = wholemodule;
				VALIDATE_PRODUCT = YES;
			};
			name = Release;
		};
		30415CA22C0E2FA6009C3F84 /* Debug */ = {
			isa = XCBuildConfiguration;
			buildSettings = {
				ASSETCATALOG_COMPILER_APPICON_NAME = AppIcon;
				ASSETCATALOG_COMPILER_GLOBAL_ACCENT_COLOR_NAME = AccentColor;
				CODE_SIGN_STYLE = Automatic;
				CURRENT_PROJECT_VERSION = 1;
				DEVELOPMENT_TEAM = AR6AN34RS9;
				GENERATE_INFOPLIST_FILE = YES;
				INFOPLIST_FILE = Movieplanner/Info.plist;
				INFOPLIST_KEY_UIApplicationSupportsIndirectInputEvents = YES;
				INFOPLIST_KEY_UILaunchStoryboardName = LaunchScreen;
				INFOPLIST_KEY_UIMainStoryboardFile = Main;
				INFOPLIST_KEY_UISupportedInterfaceOrientations = UIInterfaceOrientationPortrait;
				INFOPLIST_KEY_UISupportedInterfaceOrientations_iPad = "UIInterfaceOrientationLandscapeLeft UIInterfaceOrientationLandscapeRight UIInterfaceOrientationPortrait UIInterfaceOrientationPortraitUpsideDown";
				IPHONEOS_DEPLOYMENT_TARGET = 15.0;
				LD_RUNPATH_SEARCH_PATHS = (
					"$(inherited)",
					"@executable_path/Frameworks",
				);
				MARKETING_VERSION = 1.0;
				PRODUCT_BUNDLE_IDENTIFIER = home.Movieplanner;
				PRODUCT_NAME = "$(TARGET_NAME)";
				SUPPORTED_PLATFORMS = "iphoneos iphonesimulator";
				SUPPORTS_MACCATALYST = NO;
				SUPPORTS_MAC_DESIGNED_FOR_IPHONE_IPAD = NO;
				SUPPORTS_XR_DESIGNED_FOR_IPHONE_IPAD = NO;
				SWIFT_EMIT_LOC_STRINGS = YES;
				SWIFT_VERSION = 5.0;
				TARGETED_DEVICE_FAMILY = 1;
			};
			name = Debug;
		};
		30415CA32C0E2FA6009C3F84 /* Release */ = {
			isa = XCBuildConfiguration;
			buildSettings = {
				ASSETCATALOG_COMPILER_APPICON_NAME = AppIcon;
				ASSETCATALOG_COMPILER_GLOBAL_ACCENT_COLOR_NAME = AccentColor;
				CODE_SIGN_STYLE = Automatic;
				CURRENT_PROJECT_VERSION = 1;
				DEVELOPMENT_TEAM = AR6AN34RS9;
				GENERATE_INFOPLIST_FILE = YES;
				INFOPLIST_FILE = Movieplanner/Info.plist;
				INFOPLIST_KEY_UIApplicationSupportsIndirectInputEvents = YES;
				INFOPLIST_KEY_UILaunchStoryboardName = LaunchScreen;
				INFOPLIST_KEY_UIMainStoryboardFile = Main;
				INFOPLIST_KEY_UISupportedInterfaceOrientations = UIInterfaceOrientationPortrait;
				INFOPLIST_KEY_UISupportedInterfaceOrientations_iPad = "UIInterfaceOrientationLandscapeLeft UIInterfaceOrientationLandscapeRight UIInterfaceOrientationPortrait UIInterfaceOrientationPortraitUpsideDown";
				IPHONEOS_DEPLOYMENT_TARGET = 15.0;
				LD_RUNPATH_SEARCH_PATHS = (
					"$(inherited)",
					"@executable_path/Frameworks",
				);
				MARKETING_VERSION = 1.0;
				PRODUCT_BUNDLE_IDENTIFIER = home.Movieplanner;
				PRODUCT_NAME = "$(TARGET_NAME)";
				SUPPORTED_PLATFORMS = "iphoneos iphonesimulator";
				SUPPORTS_MACCATALYST = NO;
				SUPPORTS_MAC_DESIGNED_FOR_IPHONE_IPAD = NO;
				SUPPORTS_XR_DESIGNED_FOR_IPHONE_IPAD = NO;
				SWIFT_EMIT_LOC_STRINGS = YES;
				SWIFT_VERSION = 5.0;
				TARGETED_DEVICE_FAMILY = 1;
			};
			name = Release;
		};
/* End XCBuildConfiguration section */

/* Begin XCConfigurationList section */
		30415C882C0E2FA4009C3F84 /* Build configuration list for PBXProject "Movieplanner" */ = {
			isa = XCConfigurationList;
			buildConfigurations = (
				30415C9F2C0E2FA6009C3F84 /* Debug */,
				30415CA02C0E2FA6009C3F84 /* Release */,
			);
			defaultConfigurationIsVisible = 0;
			defaultConfigurationName = Release;
		};
		30415CA12C0E2FA6009C3F84 /* Build configuration list for PBXNativeTarget "Movieplanner" */ = {
			isa = XCConfigurationList;
			buildConfigurations = (
				30415CA22C0E2FA6009C3F84 /* Debug */,
				30415CA32C0E2FA6009C3F84 /* Release */,
			);
			defaultConfigurationIsVisible = 0;
			defaultConfigurationName = Release;
		};
/* End XCConfigurationList section */

/* Begin XCVersionGroup section */
		30415CA72C0E3DDF009C3F84 /* FilmList.xcdatamodeld */ = {
			isa = XCVersionGroup;
			children = (
				30415CA82C0E3DDF009C3F84 /* FilmList.xcdatamodel */,
			);
			currentVersion = 30415CA82C0E3DDF009C3F84 /* FilmList.xcdatamodel */;
			path = FilmList.xcdatamodeld;
			sourceTree = "<group>";
			versionGroupType = wrapper.xcdatamodel;
		};
/* End XCVersionGroup section */
	};
	rootObject = 30415C852C0E2FA4009C3F84 /* Project object */;
}
